<?xml version="1.0" encoding="utf-8"?>
<Project ToolsVersion="4.0" xmlns="http://schemas.microsoft.com/developer/msbuild/2003">
  <ItemGroup>
    <ClCompile Include="Action.cpp" />
    <ClCompile Include="AStarAlgorithm.cpp" />
    <ClCompile Include="CCameraController.cpp" />
    <ClCompile Include="clickmanager.cpp" />
    <ClCompile Include="Connection.cpp" />
    <ClCompile Include="Decision.cpp" />
    <ClCompile Include="FollowPathAction.cpp" />
    <ClCompile Include="Game.cpp" />
    <ClCompile Include="MapSquare.cpp" />
    <ClCompile Include="GuiButton.cpp" />
    <ClCompile Include="GuiElement.cpp" />
    <ClCompile Include="GuiImageColorPicker.cpp" />
    <ClCompile Include="GuiSelect.cpp" />
    <ClCompile Include="GuiSlider.cpp" />
    <ClCompile Include="Node.cpp" />
    <ClCompile Include="RobotBase.cpp" />
    <ClCompile Include="State.cpp" />
    <ClCompile Include="StateManager.cpp" />
    <ClCompile Include="TimedDecision.cpp" />
    <ClCompile Include="Transition.cpp" />
    <ClCompile Include="VektoriaApp.cpp" />
    <ClCompile Include="CTerrain.cpp" />
    <ClCompile Include="Load.cpp" />
    <ClCompile Include="Save.cpp" />
    <ClCompile Include="UI.cpp" />
  </ItemGroup>
  <ItemGroup>
    <ClInclude Include="Action.h" />
    <ClInclude Include="AStarAlgorithm.h" />
    <ClInclude Include="CCameraController.h" />
    <ClInclude Include="clickmanager.h" />
    <ClInclude Include="Connection.h" />
    <ClInclude Include="Decision.h" />
    <ClInclude Include="FollowPathAction.h" />
    <ClInclude Include="Game.h" />
    <ClInclude Include="GuiButton.h" />
    <ClInclude Include="GuiElement.h" />
    <ClInclude Include="GuiImageColorPicker.h" />
    <ClInclude Include="GuiSelect.h" />
    <ClInclude Include="GuiSlider.h" />
    <ClInclude Include="GuiUtils.h" />
    <ClInclude Include="IPathSearchAlgorithm.h" />
    <ClInclude Include="MapSquare.h" />
    <ClInclude Include="Node.h" />
    <ClInclude Include="resource.h" />
    <ClInclude Include="RobotBase.h" />
    <ClInclude Include="State.h" />
    <ClInclude Include="StateManager.h" />
    <ClInclude Include="targetver.h" />
    <ClInclude Include="TimedDecision.h" />
    <ClInclude Include="Transition.h" />
    <ClInclude Include="CTerrain.h" />
    <ClInclude Include="Load.h" />
    <ClInclude Include="Save.h" />
    <ClInclude Include="UI.h" />
  </ItemGroup>
  <ItemGroup>
    <ResourceCompile Include="VektoriaApp.rc" />
  </ItemGroup>
  <ItemGroup>
    <None Include="res\VektoriaTest.ico" />
  </ItemGroup>
  <ItemGroup>
    <Text Include="Gebrauchsanweisung.txt" />
  </ItemGroup>
  <ItemGroup>
    <Filter Include="GUI">
      <UniqueIdentifier>{05999732-5541-4b9f-9d57-5ad71a3ca26e}</UniqueIdentifier>
    </Filter>
  </ItemGroup>
</Project>